
Microsoft Visual Studio Solution File, Format Version 12.00
# Visual Studio Version 16
VisualStudioVersion = 16.0.31321.278
MinimumVisualStudioVersion = 10.0.40219.1
Project("{FAE04EC0-301F-11D3-BF4B-00C04F79EFBC}") = "Calculator", "Calculator.csproj", "{781DC9C0-7FB3-4D9F-B7DE-6DFFDE524916}"
EndProject
Project("{FAE04EC0-301F-11D3-BF4B-00C04F79EFBC}") = "CalculatorTests", "..\CalculatorTests\CalculatorTests.csproj", "{AF5717BC-D325-4D63-A765-CE27136D667E}"
EndProject
Global
	GlobalSection(SolutionConfigurationPlatforms) = preSolution
		Debug|Any CPU = Debug|Any CPU
		Release|Any CPU = Release|Any CPU
	EndGlobalSection
	GlobalSection(ProjectConfigurationPlatforms) = postSolution
		{781DC9C0-7FB3-4D9F-B7DE-6DFFDE524916}.Debug|Any CPU.ActiveCfg = Debug|Any CPU
		{781DC9C0-7FB3-4D9F-B7DE-6DFFDE524916}.Debug|Any CPU.Build.0 = Debug|Any CPU
		{781DC9C0-7FB3-4D9F-B7DE-6DFFDE524916}.Release|Any CPU.ActiveCfg = Release|Any CPU
		{781DC9C0-7FB3-4D9F-B7DE-6DFFDE524916}.Release|Any CPU.Build.0 = Release|Any CPU
		{AF5717BC-D325-4D63-A765-CE27136D667E}.Debug|Any CPU.ActiveCfg = Debug|Any CPU
		{AF5717BC-D325-4D63-A765-CE27136D667E}.Debug|Any CPU.Build.0 = Debug|Any CPU
		{AF5717BC-D325-4D63-A765-CE27136D667E}.Release|Any CPU.ActiveCfg = Release|Any CPU
		{AF5717BC-D325-4D63-A765-CE27136D667E}.Release|Any CPU.Build.0 = Release|Any CPU
	EndGlobalSection
	GlobalSection(SolutionProperties) = preSolution
		HideSolutionNode = FALSE
	EndGlobalSection
	GlobalSection(ExtensibilityGlobals) = postSolution
		SolutionGuid = {5C5DF99E-51A7-44E1-9761-E41EFFFBA27B}
	EndGlobalSection
EndGlobal
